
Microsoft Visual Studio Solution File, Format Version 9.00
# Visual Studio 2005
Project("{8BC9CEB8-8B4A-11D0-8D11-00A0C91BC942}") = "IQmeasure", "IQmeasure\IQmeasure.vcproj", "{4ACBB0A3-31DE-4656-BFFA-BD4183A06FD6}"
	ProjectSection(ProjectDependencies) = postProject
		{9C95BB50-0DD1-4F70-9AE8-938EA6302704} = {9C95BB50-0DD1-4F70-9AE8-938EA6302704}
		{8C13BB8D-E6AA-46FD-BAD9-66956D9377A6} = {8C13BB8D-E6AA-46FD-BAD9-66956D9377A6}
		{5B6A75B9-37A9-4E54-823C-237930FD7FDE} = {5B6A75B9-37A9-4E54-823C-237930FD7FDE}
		{B4D6A1C3-0264-47DC-B706-47DCFAE2C895} = {B4D6A1C3-0264-47DC-B706-47DCFAE2C895}
		{04AE1AF7-5ECC-4815-80A0-73D5129A6679} = {04AE1AF7-5ECC-4815-80A0-73D5129A6679}
		{FFBC20F9-1581-42DF-9793-42660FB79A27} = {FFBC20F9-1581-42DF-9793-42660FB79A27}
	EndProjectSection
EndProject
Project("{8BC9CEB8-8B4A-11D0-8D11-00A0C91BC942}") = "TestManager", "TestManager\TestManager.vcproj", "{AFCFE570-4576-4975-B02F-0866DA0B8371}"
	ProjectSection(ProjectDependencies) = postProject
		{9C95BB50-0DD1-4F70-9AE8-938EA6302704} = {9C95BB50-0DD1-4F70-9AE8-938EA6302704}
		{4ACBB0A3-31DE-4656-BFFA-BD4183A06FD6} = {4ACBB0A3-31DE-4656-BFFA-BD4183A06FD6}
	EndProjectSection
EndProject
Project("{8BC9CEB8-8B4A-11D0-8D11-00A0C91BC942}") = "vDUT", "vDUT\vDUT.vcproj", "{A983BC27-99AC-4E3C-85A0-A30C2122F195}"
	ProjectSection(ProjectDependencies) = postProject
		{4ACBB0A3-31DE-4656-BFFA-BD4183A06FD6} = {4ACBB0A3-31DE-4656-BFFA-BD4183A06FD6}
	EndProjectSection
EndProject
Project("{8BC9CEB8-8B4A-11D0-8D11-00A0C91BC942}") = "IQmeasureTest", "IQmeasure\IQmeasureTest\IQmeasureTest.vcproj", "{122E56B9-A0C7-4181-97EE-3603D158ADE2}"
	ProjectSection(ProjectDependencies) = postProject
		{4ACBB0A3-31DE-4656-BFFA-BD4183A06FD6} = {4ACBB0A3-31DE-4656-BFFA-BD4183A06FD6}
	EndProjectSection
EndProject
Project("{8BC9CEB8-8B4A-11D0-8D11-00A0C91BC942}") = "IQmeasure_IQapi_SCPI", "IQmeasure\IQmeasure_IQapi_SCPI\IQmeasure_IQapi_SCPI.vcproj", "{04AE1AF7-5ECC-4815-80A0-73D5129A6679}"
	ProjectSection(ProjectDependencies) = postProject
		{9C95BB50-0DD1-4F70-9AE8-938EA6302704} = {9C95BB50-0DD1-4F70-9AE8-938EA6302704}
		{8C13BB8D-E6AA-46FD-BAD9-66956D9377A6} = {8C13BB8D-E6AA-46FD-BAD9-66956D9377A6}
		{5B6A75B9-37A9-4E54-823C-237930FD7FDE} = {5B6A75B9-37A9-4E54-823C-237930FD7FDE}
		{FFBC20F9-1581-42DF-9793-42660FB79A27} = {FFBC20F9-1581-42DF-9793-42660FB79A27}
	EndProjectSection
EndProject
Project("{8BC9CEB8-8B4A-11D0-8D11-00A0C91BC942}") = "IQmeasure_IQapi_Legacy", "IQmeasure\IQmeasure_IQapi_Legacy\IQmeasure_IQapi_Legacy.vcproj", "{FFBC20F9-1581-42DF-9793-42660FB79A27}"
	ProjectSection(ProjectDependencies) = postProject
		{9C95BB50-0DD1-4F70-9AE8-938EA6302704} = {9C95BB50-0DD1-4F70-9AE8-938EA6302704}
		{8C13BB8D-E6AA-46FD-BAD9-66956D9377A6} = {8C13BB8D-E6AA-46FD-BAD9-66956D9377A6}
		{5B6A75B9-37A9-4E54-823C-237930FD7FDE} = {5B6A75B9-37A9-4E54-823C-237930FD7FDE}
	EndProjectSection
EndProject
Project("{8BC9CEB8-8B4A-11D0-8D11-00A0C91BC942}") = "IQmeasure_SCPI", "IQmeasure\IQmeasure_SCPI\IQmeasure_SCPI.vcproj", "{B4D6A1C3-0264-47DC-B706-47DCFAE2C895}"
	ProjectSection(ProjectDependencies) = postProject
		{9C95BB50-0DD1-4F70-9AE8-938EA6302704} = {9C95BB50-0DD1-4F70-9AE8-938EA6302704}
		{8C13BB8D-E6AA-46FD-BAD9-66956D9377A6} = {8C13BB8D-E6AA-46FD-BAD9-66956D9377A6}
		{5B6A75B9-37A9-4E54-823C-237930FD7FDE} = {5B6A75B9-37A9-4E54-823C-237930FD7FDE}
		{04AE1AF7-5ECC-4815-80A0-73D5129A6679} = {04AE1AF7-5ECC-4815-80A0-73D5129A6679}
	EndProjectSection
EndProject
Project("{8BC9CEB8-8B4A-11D0-8D11-00A0C91BC942}") = "WiFi_11ac_MiMo_Test", "WiFi_11ac_MiMo_Test\WiFi_11ac_MiMo_Test.vcproj", "{E2E8111A-713F-4A2D-A5F3-72F14D2E5921}"
	ProjectSection(ProjectDependencies) = postProject
		{A983BC27-99AC-4E3C-85A0-A30C2122F195} = {A983BC27-99AC-4E3C-85A0-A30C2122F195}
		{9C95BB50-0DD1-4F70-9AE8-938EA6302704} = {9C95BB50-0DD1-4F70-9AE8-938EA6302704}
		{4ACBB0A3-31DE-4656-BFFA-BD4183A06FD6} = {4ACBB0A3-31DE-4656-BFFA-BD4183A06FD6}
		{AFCFE570-4576-4975-B02F-0866DA0B8371} = {AFCFE570-4576-4975-B02F-0866DA0B8371}
	EndProjectSection
EndProject
Project("{8BC9CEB8-8B4A-11D0-8D11-00A0C91BC942}") = "BT_Test", "BT_Test\BT_Test.vcproj", "{52BA6B11-337F-4DD1-91D2-10CEAC260160}"
	ProjectSection(ProjectDependencies) = postProject
		{A983BC27-99AC-4E3C-85A0-A30C2122F195} = {A983BC27-99AC-4E3C-85A0-A30C2122F195}
		{9C95BB50-0DD1-4F70-9AE8-938EA6302704} = {9C95BB50-0DD1-4F70-9AE8-938EA6302704}
		{4ACBB0A3-31DE-4656-BFFA-BD4183A06FD6} = {4ACBB0A3-31DE-4656-BFFA-BD4183A06FD6}
		{AFCFE570-4576-4975-B02F-0866DA0B8371} = {AFCFE570-4576-4975-B02F-0866DA0B8371}
	EndProjectSection
EndProject
Project("{8BC9CEB8-8B4A-11D0-8D11-00A0C91BC942}") = "WiFi_Test", "WiFi_Test\WiFi_Test.vcproj", "{144D3786-CB1C-470D-8B59-0FE90A3CDD8A}"
	ProjectSection(ProjectDependencies) = postProject
		{A983BC27-99AC-4E3C-85A0-A30C2122F195} = {A983BC27-99AC-4E3C-85A0-A30C2122F195}
		{9C95BB50-0DD1-4F70-9AE8-938EA6302704} = {9C95BB50-0DD1-4F70-9AE8-938EA6302704}
		{4ACBB0A3-31DE-4656-BFFA-BD4183A06FD6} = {4ACBB0A3-31DE-4656-BFFA-BD4183A06FD6}
		{AFCFE570-4576-4975-B02F-0866DA0B8371} = {AFCFE570-4576-4975-B02F-0866DA0B8371}
	EndProjectSection
EndProject
Project("{8BC9CEB8-8B4A-11D0-8D11-00A0C91BC942}") = "FM_Test", "FM_Test\FM_Test.vcproj", "{37694824-B08D-4014-B61D-6B2E31F233C2}"
	ProjectSection(ProjectDependencies) = postProject
		{9C95BB50-0DD1-4F70-9AE8-938EA6302704} = {9C95BB50-0DD1-4F70-9AE8-938EA6302704}
		{A983BC27-99AC-4E3C-85A0-A30C2122F195} = {A983BC27-99AC-4E3C-85A0-A30C2122F195}
		{AFCFE570-4576-4975-B02F-0866DA0B8371} = {AFCFE570-4576-4975-B02F-0866DA0B8371}
		{4ACBB0A3-31DE-4656-BFFA-BD4183A06FD6} = {4ACBB0A3-31DE-4656-BFFA-BD4183A06FD6}
	EndProjectSection
EndProject
Project("{8BC9CEB8-8B4A-11D0-8D11-00A0C91BC942}") = "GPS_Test", "GPS_Test\GPS_Test.vcproj", "{E4176341-7A7B-45EC-B7B7-4E7FB79A7337}"
	ProjectSection(ProjectDependencies) = postProject
		{A983BC27-99AC-4E3C-85A0-A30C2122F195} = {A983BC27-99AC-4E3C-85A0-A30C2122F195}
		{9C95BB50-0DD1-4F70-9AE8-938EA6302704} = {9C95BB50-0DD1-4F70-9AE8-938EA6302704}
		{4ACBB0A3-31DE-4656-BFFA-BD4183A06FD6} = {4ACBB0A3-31DE-4656-BFFA-BD4183A06FD6}
		{AFCFE570-4576-4975-B02F-0866DA0B8371} = {AFCFE570-4576-4975-B02F-0866DA0B8371}
	EndProjectSection
EndProject
Project("{8BC9CEB8-8B4A-11D0-8D11-00A0C91BC942}") = "WiMAX_Test", "WiMAX_Test\WiMAX_Test.vcproj", "{3F0C7291-F627-4457-AB76-9C8B39A61A84}"
	ProjectSection(ProjectDependencies) = postProject
		{9C95BB50-0DD1-4F70-9AE8-938EA6302704} = {9C95BB50-0DD1-4F70-9AE8-938EA6302704}
		{A983BC27-99AC-4E3C-85A0-A30C2122F195} = {A983BC27-99AC-4E3C-85A0-A30C2122F195}
		{AFCFE570-4576-4975-B02F-0866DA0B8371} = {AFCFE570-4576-4975-B02F-0866DA0B8371}
		{4ACBB0A3-31DE-4656-BFFA-BD4183A06FD6} = {4ACBB0A3-31DE-4656-BFFA-BD4183A06FD6}
	EndProjectSection
EndProject
Project("{8BC9CEB8-8B4A-11D0-8D11-00A0C91BC942}") = "WiFi_MiMo_Test", "WiFi_MiMo_Test\WiFi_MiMo_Test.vcproj", "{97C23411-87F1-431F-A516-9F12D9C76349}"
	ProjectSection(ProjectDependencies) = postProject
		{A983BC27-99AC-4E3C-85A0-A30C2122F195} = {A983BC27-99AC-4E3C-85A0-A30C2122F195}
		{9C95BB50-0DD1-4F70-9AE8-938EA6302704} = {9C95BB50-0DD1-4F70-9AE8-938EA6302704}
		{4ACBB0A3-31DE-4656-BFFA-BD4183A06FD6} = {4ACBB0A3-31DE-4656-BFFA-BD4183A06FD6}
		{AFCFE570-4576-4975-B02F-0866DA0B8371} = {AFCFE570-4576-4975-B02F-0866DA0B8371}
	EndProjectSection
EndProject
Project("{8BC9CEB8-8B4A-11D0-8D11-00A0C91BC942}") = "lp_util", "lp_util\lp_util.vcproj", "{9C95BB50-0DD1-4F70-9AE8-938EA6302704}"
EndProject
Project("{8BC9CEB8-8B4A-11D0-8D11-00A0C91BC942}") = "WiFi_11ac_Test", "WiFi_11ac_Test\WiFi_11ac_Test.vcproj", "{AC1F026A-6FCA-4D6F-9ECE-7F3A22478B1E}"
	ProjectSection(ProjectDependencies) = postProject
		{FFBC20F9-1581-42DF-9793-42660FB79A27} = {FFBC20F9-1581-42DF-9793-42660FB79A27}
		{04AE1AF7-5ECC-4815-80A0-73D5129A6679} = {04AE1AF7-5ECC-4815-80A0-73D5129A6679}
		{B4D6A1C3-0264-47DC-B706-47DCFAE2C895} = {B4D6A1C3-0264-47DC-B706-47DCFAE2C895}
		{4ACBB0A3-31DE-4656-BFFA-BD4183A06FD6} = {4ACBB0A3-31DE-4656-BFFA-BD4183A06FD6}
		{AFCFE570-4576-4975-B02F-0866DA0B8371} = {AFCFE570-4576-4975-B02F-0866DA0B8371}
		{A983BC27-99AC-4E3C-85A0-A30C2122F195} = {A983BC27-99AC-4E3C-85A0-A30C2122F195}
	EndProjectSection
EndProject
Project("{8BC9CEB8-8B4A-11D0-8D11-00A0C91BC942}") = "IQlite_Timer", "IQlite_Timer\IQlite_Timer.vcproj", "{8C13BB8D-E6AA-46FD-BAD9-66956D9377A6}"
	ProjectSection(ProjectDependencies) = postProject
		{9C95BB50-0DD1-4F70-9AE8-938EA6302704} = {9C95BB50-0DD1-4F70-9AE8-938EA6302704}
	EndProjectSection
EndProject
Project("{8BC9CEB8-8B4A-11D0-8D11-00A0C91BC942}") = "IQlite_Logger", "IQlite_Logger\IQlite_Logger.vcproj", "{5B6A75B9-37A9-4E54-823C-237930FD7FDE}"
	ProjectSection(ProjectDependencies) = postProject
		{9C95BB50-0DD1-4F70-9AE8-938EA6302704} = {9C95BB50-0DD1-4F70-9AE8-938EA6302704}
	EndProjectSection
EndProject
Global
	GlobalSection(SolutionConfigurationPlatforms) = preSolution
		Debug|Win32 = Debug|Win32
		Release|Win32 = Release|Win32
	EndGlobalSection
	GlobalSection(ProjectConfigurationPlatforms) = postSolution
		{4ACBB0A3-31DE-4656-BFFA-BD4183A06FD6}.Debug|Win32.ActiveCfg = Debug|Win32
		{4ACBB0A3-31DE-4656-BFFA-BD4183A06FD6}.Debug|Win32.Build.0 = Debug|Win32
		{4ACBB0A3-31DE-4656-BFFA-BD4183A06FD6}.Release|Win32.ActiveCfg = Release|Win32
		{4ACBB0A3-31DE-4656-BFFA-BD4183A06FD6}.Release|Win32.Build.0 = Release|Win32
		{AFCFE570-4576-4975-B02F-0866DA0B8371}.Debug|Win32.ActiveCfg = Debug|Win32
		{AFCFE570-4576-4975-B02F-0866DA0B8371}.Debug|Win32.Build.0 = Debug|Win32
		{AFCFE570-4576-4975-B02F-0866DA0B8371}.Release|Win32.ActiveCfg = Release|Win32
		{AFCFE570-4576-4975-B02F-0866DA0B8371}.Release|Win32.Build.0 = Release|Win32
		{A983BC27-99AC-4E3C-85A0-A30C2122F195}.Debug|Win32.ActiveCfg = Debug|Win32
		{A983BC27-99AC-4E3C-85A0-A30C2122F195}.Debug|Win32.Build.0 = Debug|Win32
		{A983BC27-99AC-4E3C-85A0-A30C2122F195}.Release|Win32.ActiveCfg = Release|Win32
		{A983BC27-99AC-4E3C-85A0-A30C2122F195}.Release|Win32.Build.0 = Release|Win32
		{122E56B9-A0C7-4181-97EE-3603D158ADE2}.Debug|Win32.ActiveCfg = Debug|Win32
		{122E56B9-A0C7-4181-97EE-3603D158ADE2}.Debug|Win32.Build.0 = Debug|Win32
		{122E56B9-A0C7-4181-97EE-3603D158ADE2}.Release|Win32.ActiveCfg = Release|Win32
		{122E56B9-A0C7-4181-97EE-3603D158ADE2}.Release|Win32.Build.0 = Release|Win32
		{04AE1AF7-5ECC-4815-80A0-73D5129A6679}.Debug|Win32.ActiveCfg = Debug|Win32
		{04AE1AF7-5ECC-4815-80A0-73D5129A6679}.Debug|Win32.Build.0 = Debug|Win32
		{04AE1AF7-5ECC-4815-80A0-73D5129A6679}.Release|Win32.ActiveCfg = Release|Win32
		{04AE1AF7-5ECC-4815-80A0-73D5129A6679}.Release|Win32.Build.0 = Release|Win32
		{FFBC20F9-1581-42DF-9793-42660FB79A27}.Debug|Win32.ActiveCfg = Debug|Win32
		{FFBC20F9-1581-42DF-9793-42660FB79A27}.Debug|Win32.Build.0 = Debug|Win32
		{FFBC20F9-1581-42DF-9793-42660FB79A27}.Release|Win32.ActiveCfg = Release|Win32
		{FFBC20F9-1581-42DF-9793-42660FB79A27}.Release|Win32.Build.0 = Release|Win32
		{B4D6A1C3-0264-47DC-B706-47DCFAE2C895}.Debug|Win32.ActiveCfg = Debug|Win32
		{B4D6A1C3-0264-47DC-B706-47DCFAE2C895}.Debug|Win32.Build.0 = Debug|Win32
		{B4D6A1C3-0264-47DC-B706-47DCFAE2C895}.Release|Win32.ActiveCfg = Release|Win32
		{B4D6A1C3-0264-47DC-B706-47DCFAE2C895}.Release|Win32.Build.0 = Release|Win32
		{E2E8111A-713F-4A2D-A5F3-72F14D2E5921}.Debug|Win32.ActiveCfg = Debug|Win32
		{E2E8111A-713F-4A2D-A5F3-72F14D2E5921}.Debug|Win32.Build.0 = Debug|Win32
		{E2E8111A-713F-4A2D-A5F3-72F14D2E5921}.Release|Win32.ActiveCfg = Release|Win32
		{E2E8111A-713F-4A2D-A5F3-72F14D2E5921}.Release|Win32.Build.0 = Release|Win32
		{52BA6B11-337F-4DD1-91D2-10CEAC260160}.Debug|Win32.ActiveCfg = Debug|Win32
		{52BA6B11-337F-4DD1-91D2-10CEAC260160}.Debug|Win32.Build.0 = Debug|Win32
		{52BA6B11-337F-4DD1-91D2-10CEAC260160}.Release|Win32.ActiveCfg = Release|Win32
		{52BA6B11-337F-4DD1-91D2-10CEAC260160}.Release|Win32.Build.0 = Release|Win32
		{144D3786-CB1C-470D-8B59-0FE90A3CDD8A}.Debug|Win32.ActiveCfg = Debug|Win32
		{144D3786-CB1C-470D-8B59-0FE90A3CDD8A}.Debug|Win32.Build.0 = Debug|Win32
		{144D3786-CB1C-470D-8B59-0FE90A3CDD8A}.Release|Win32.ActiveCfg = Release|Win32
		{144D3786-CB1C-470D-8B59-0FE90A3CDD8A}.Release|Win32.Build.0 = Release|Win32
		{37694824-B08D-4014-B61D-6B2E31F233C2}.Debug|Win32.ActiveCfg = Debug|Win32
		{37694824-B08D-4014-B61D-6B2E31F233C2}.Debug|Win32.Build.0 = Debug|Win32
		{37694824-B08D-4014-B61D-6B2E31F233C2}.Release|Win32.ActiveCfg = Release|Win32
		{37694824-B08D-4014-B61D-6B2E31F233C2}.Release|Win32.Build.0 = Release|Win32
		{E4176341-7A7B-45EC-B7B7-4E7FB79A7337}.Debug|Win32.ActiveCfg = Debug|Win32
		{E4176341-7A7B-45EC-B7B7-4E7FB79A7337}.Debug|Win32.Build.0 = Debug|Win32
		{E4176341-7A7B-45EC-B7B7-4E7FB79A7337}.Release|Win32.ActiveCfg = Release|Win32
		{E4176341-7A7B-45EC-B7B7-4E7FB79A7337}.Release|Win32.Build.0 = Release|Win32
		{3F0C7291-F627-4457-AB76-9C8B39A61A84}.Debug|Win32.ActiveCfg = Debug|Win32
		{3F0C7291-F627-4457-AB76-9C8B39A61A84}.Debug|Win32.Build.0 = Debug|Win32
		{3F0C7291-F627-4457-AB76-9C8B39A61A84}.Release|Win32.ActiveCfg = Release|Win32
		{3F0C7291-F627-4457-AB76-9C8B39A61A84}.Release|Win32.Build.0 = Release|Win32
		{97C23411-87F1-431F-A516-9F12D9C76349}.Debug|Win32.ActiveCfg = Debug|Win32
		{97C23411-87F1-431F-A516-9F12D9C76349}.Debug|Win32.Build.0 = Debug|Win32
		{97C23411-87F1-431F-A516-9F12D9C76349}.Release|Win32.ActiveCfg = Release|Win32
		{97C23411-87F1-431F-A516-9F12D9C76349}.Release|Win32.Build.0 = Release|Win32
		{9C95BB50-0DD1-4F70-9AE8-938EA6302704}.Debug|Win32.ActiveCfg = Debug|Win32
		{9C95BB50-0DD1-4F70-9AE8-938EA6302704}.Debug|Win32.Build.0 = Debug|Win32
		{9C95BB50-0DD1-4F70-9AE8-938EA6302704}.Release|Win32.ActiveCfg = Release|Win32
		{9C95BB50-0DD1-4F70-9AE8-938EA6302704}.Release|Win32.Build.0 = Release|Win32
		{AC1F026A-6FCA-4D6F-9ECE-7F3A22478B1E}.Debug|Win32.ActiveCfg = Debug|Win32
		{AC1F026A-6FCA-4D6F-9ECE-7F3A22478B1E}.Debug|Win32.Build.0 = Debug|Win32
		{AC1F026A-6FCA-4D6F-9ECE-7F3A22478B1E}.Release|Win32.ActiveCfg = Release|Win32
		{AC1F026A-6FCA-4D6F-9ECE-7F3A22478B1E}.Release|Win32.Build.0 = Release|Win32
		{8C13BB8D-E6AA-46FD-BAD9-66956D9377A6}.Debug|Win32.ActiveCfg = Debug|Win32
		{8C13BB8D-E6AA-46FD-BAD9-66956D9377A6}.Debug|Win32.Build.0 = Debug|Win32
		{8C13BB8D-E6AA-46FD-BAD9-66956D9377A6}.Release|Win32.ActiveCfg = Release|Win32
		{8C13BB8D-E6AA-46FD-BAD9-66956D9377A6}.Release|Win32.Build.0 = Release|Win32
		{5B6A75B9-37A9-4E54-823C-237930FD7FDE}.Debug|Win32.ActiveCfg = Debug|Win32
		{5B6A75B9-37A9-4E54-823C-237930FD7FDE}.Debug|Win32.Build.0 = Debug|Win32
		{5B6A75B9-37A9-4E54-823C-237930FD7FDE}.Release|Win32.ActiveCfg = Release|Win32
		{5B6A75B9-37A9-4E54-823C-237930FD7FDE}.Release|Win32.Build.0 = Release|Win32
	EndGlobalSection
	GlobalSection(SolutionProperties) = preSolution
		HideSolutionNode = FALSE
	EndGlobalSection
EndGlobal
