
Microsoft Visual Studio Solution File, Format Version 9.00
# Visual Studio 2005
Project("{8BC9CEB8-8B4A-11D0-8D11-00A0C91BC942}") = "LP_Dut_U12L275", "LP_Dut_U12L275.vcproj", "{FA627659-2D89-4AE8-9D5A-9B267C457959}"
EndProject
Project("{8BC9CEB8-8B4A-11D0-8D11-00A0C91BC942}") = "WiFi_Test", "..\WiFi_Test\WiFi_Test.vcproj", "{144D3786-CB1C-470D-8B59-0FE90A3CDD8A}"
	ProjectSection(ProjectDependencies) = postProject
		{A983BC27-99AC-4E3C-85A0-A30C2122F195} = {A983BC27-99AC-4E3C-85A0-A30C2122F195}
		{9C95BB50-0DD1-4F70-9AE8-938EA6302704} = {9C95BB50-0DD1-4F70-9AE8-938EA6302704}
		{AFCFE570-4576-4975-B02F-0866DA0B8371} = {AFCFE570-4576-4975-B02F-0866DA0B8371}
		{5B6A75B9-37A9-4E54-823C-237930FD7FDE} = {5B6A75B9-37A9-4E54-823C-237930FD7FDE}
	EndProjectSection
EndProject
Project("{8BC9CEB8-8B4A-11D0-8D11-00A0C91BC942}") = "vDUT", "..\vDUT\vDUT.vcproj", "{A983BC27-99AC-4E3C-85A0-A30C2122F195}"
	ProjectSection(ProjectDependencies) = postProject
		{5B6A75B9-37A9-4E54-823C-237930FD7FDE} = {5B6A75B9-37A9-4E54-823C-237930FD7FDE}
	EndProjectSection
EndProject
Project("{8BC9CEB8-8B4A-11D0-8D11-00A0C91BC942}") = "IQlite_Logger", "..\IQlite_Logger\IQlite_Logger.vcproj", "{5B6A75B9-37A9-4E54-823C-237930FD7FDE}"
EndProject
Project("{8BC9CEB8-8B4A-11D0-8D11-00A0C91BC942}") = "TestManager", "..\TestManager\TestManager.vcproj", "{AFCFE570-4576-4975-B02F-0866DA0B8371}"
	ProjectSection(ProjectDependencies) = postProject
		{9C95BB50-0DD1-4F70-9AE8-938EA6302704} = {9C95BB50-0DD1-4F70-9AE8-938EA6302704}
		{5B6A75B9-37A9-4E54-823C-237930FD7FDE} = {5B6A75B9-37A9-4E54-823C-237930FD7FDE}
	EndProjectSection
EndProject
Project("{8BC9CEB8-8B4A-11D0-8D11-00A0C91BC942}") = "Util", "..\Util\Util.vcproj", "{9C95BB50-0DD1-4F70-9AE8-938EA6302704}"
EndProject
Global
	GlobalSection(SolutionConfigurationPlatforms) = preSolution
		Debug|Win32 = Debug|Win32
		IQAPI_1_5_RELEASE|Win32 = IQAPI_1_5_RELEASE|Win32
		Release|Win32 = Release|Win32
	EndGlobalSection
	GlobalSection(ProjectConfigurationPlatforms) = postSolution
		{FA627659-2D89-4AE8-9D5A-9B267C457959}.Debug|Win32.ActiveCfg = Debug|Win32
		{FA627659-2D89-4AE8-9D5A-9B267C457959}.Debug|Win32.Build.0 = Debug|Win32
		{FA627659-2D89-4AE8-9D5A-9B267C457959}.IQAPI_1_5_RELEASE|Win32.ActiveCfg = Release|Win32
		{FA627659-2D89-4AE8-9D5A-9B267C457959}.IQAPI_1_5_RELEASE|Win32.Build.0 = Release|Win32
		{FA627659-2D89-4AE8-9D5A-9B267C457959}.Release|Win32.ActiveCfg = Release|Win32
		{FA627659-2D89-4AE8-9D5A-9B267C457959}.Release|Win32.Build.0 = Release|Win32
		{144D3786-CB1C-470D-8B59-0FE90A3CDD8A}.Debug|Win32.ActiveCfg = Debug|Win32
		{144D3786-CB1C-470D-8B59-0FE90A3CDD8A}.Debug|Win32.Build.0 = Debug|Win32
		{144D3786-CB1C-470D-8B59-0FE90A3CDD8A}.IQAPI_1_5_RELEASE|Win32.ActiveCfg = Release|Win32
		{144D3786-CB1C-470D-8B59-0FE90A3CDD8A}.IQAPI_1_5_RELEASE|Win32.Build.0 = Release|Win32
		{144D3786-CB1C-470D-8B59-0FE90A3CDD8A}.Release|Win32.ActiveCfg = Release|Win32
		{144D3786-CB1C-470D-8B59-0FE90A3CDD8A}.Release|Win32.Build.0 = Release|Win32
		{A983BC27-99AC-4E3C-85A0-A30C2122F195}.Debug|Win32.ActiveCfg = Debug|Win32
		{A983BC27-99AC-4E3C-85A0-A30C2122F195}.Debug|Win32.Build.0 = Debug|Win32
		{A983BC27-99AC-4E3C-85A0-A30C2122F195}.IQAPI_1_5_RELEASE|Win32.ActiveCfg = Release|Win32
		{A983BC27-99AC-4E3C-85A0-A30C2122F195}.IQAPI_1_5_RELEASE|Win32.Build.0 = Release|Win32
		{A983BC27-99AC-4E3C-85A0-A30C2122F195}.Release|Win32.ActiveCfg = Release|Win32
		{A983BC27-99AC-4E3C-85A0-A30C2122F195}.Release|Win32.Build.0 = Release|Win32
		{5B6A75B9-37A9-4E54-823C-237930FD7FDE}.Debug|Win32.ActiveCfg = Debug|Win32
		{5B6A75B9-37A9-4E54-823C-237930FD7FDE}.Debug|Win32.Build.0 = Debug|Win32
		{5B6A75B9-37A9-4E54-823C-237930FD7FDE}.IQAPI_1_5_RELEASE|Win32.ActiveCfg = Release|Win32
		{5B6A75B9-37A9-4E54-823C-237930FD7FDE}.IQAPI_1_5_RELEASE|Win32.Build.0 = Release|Win32
		{5B6A75B9-37A9-4E54-823C-237930FD7FDE}.Release|Win32.ActiveCfg = Release|Win32
		{5B6A75B9-37A9-4E54-823C-237930FD7FDE}.Release|Win32.Build.0 = Release|Win32
		{AFCFE570-4576-4975-B02F-0866DA0B8371}.Debug|Win32.ActiveCfg = Debug|Win32
		{AFCFE570-4576-4975-B02F-0866DA0B8371}.Debug|Win32.Build.0 = Debug|Win32
		{AFCFE570-4576-4975-B02F-0866DA0B8371}.IQAPI_1_5_RELEASE|Win32.ActiveCfg = Release|Win32
		{AFCFE570-4576-4975-B02F-0866DA0B8371}.IQAPI_1_5_RELEASE|Win32.Build.0 = Release|Win32
		{AFCFE570-4576-4975-B02F-0866DA0B8371}.Release|Win32.ActiveCfg = Release|Win32
		{AFCFE570-4576-4975-B02F-0866DA0B8371}.Release|Win32.Build.0 = Release|Win32
		{9C95BB50-0DD1-4F70-9AE8-938EA6302704}.Debug|Win32.ActiveCfg = Debug|Win32
		{9C95BB50-0DD1-4F70-9AE8-938EA6302704}.Debug|Win32.Build.0 = Debug|Win32
		{9C95BB50-0DD1-4F70-9AE8-938EA6302704}.IQAPI_1_5_RELEASE|Win32.ActiveCfg = Release|Win32
		{9C95BB50-0DD1-4F70-9AE8-938EA6302704}.IQAPI_1_5_RELEASE|Win32.Build.0 = Release|Win32
		{9C95BB50-0DD1-4F70-9AE8-938EA6302704}.Release|Win32.ActiveCfg = Release|Win32
		{9C95BB50-0DD1-4F70-9AE8-938EA6302704}.Release|Win32.Build.0 = Release|Win32
	EndGlobalSection
	GlobalSection(SolutionProperties) = preSolution
		HideSolutionNode = FALSE
	EndGlobalSection
EndGlobal
