
Microsoft Visual Studio Solution File, Format Version 11.00
# Visual Studio 2010
Project("{8BC9CEB8-8B4A-11D0-8D11-00A0C91BC942}") = "IQmeasure", "IQmeasure.vcxproj", "{4ACBB0A3-31DE-4656-BFFA-BD4183A06FD6}"
EndProject
Project("{8BC9CEB8-8B4A-11D0-8D11-00A0C91BC942}") = "IQmeasure_IQapi_Legacy", "IQmeasure_IQapi_Legacy\IQmeasure_IQapi_Legacy.vcxproj", "{FFBC20F9-1581-42DF-9793-42660FB79A27}"
EndProject
Project("{8BC9CEB8-8B4A-11D0-8D11-00A0C91BC942}") = "IQmeasure_IQapi_SCPI", "IQmeasure_IQapi_SCPI\IQmeasure_IQapi_SCPI.vcxproj", "{04AE1AF7-5ECC-4815-80A0-73D5129A6679}"
EndProject
Project("{8BC9CEB8-8B4A-11D0-8D11-00A0C91BC942}") = "IQmeasure_SCPI", "IQmeasure_SCPI\IQmeasure_SCPI.vcxproj", "{B4D6A1C3-0264-47DC-B706-47DCFAE2C895}"
EndProject
Project("{8BC9CEB8-8B4A-11D0-8D11-00A0C91BC942}") = "IQmeasureTest", "IQmeasureTest\IQmeasureTest.vcxproj", "{122E56B9-A0C7-4181-97EE-3603D158ADE2}"
EndProject
Global
	GlobalSection(SolutionConfigurationPlatforms) = preSolution
		Debug|Win32 = Debug|Win32
		IQAPI_1_5_RELEASE|Win32 = IQAPI_1_5_RELEASE|Win32
		Release|Win32 = Release|Win32
	EndGlobalSection
	GlobalSection(ProjectConfigurationPlatforms) = postSolution
		{4ACBB0A3-31DE-4656-BFFA-BD4183A06FD6}.Debug|Win32.ActiveCfg = Debug|Win32
		{4ACBB0A3-31DE-4656-BFFA-BD4183A06FD6}.Debug|Win32.Build.0 = Debug|Win32
		{4ACBB0A3-31DE-4656-BFFA-BD4183A06FD6}.IQAPI_1_5_RELEASE|Win32.ActiveCfg = IQAPI_1_5_RELEASE|Win32
		{4ACBB0A3-31DE-4656-BFFA-BD4183A06FD6}.IQAPI_1_5_RELEASE|Win32.Build.0 = IQAPI_1_5_RELEASE|Win32
		{4ACBB0A3-31DE-4656-BFFA-BD4183A06FD6}.Release|Win32.ActiveCfg = Release|Win32
		{4ACBB0A3-31DE-4656-BFFA-BD4183A06FD6}.Release|Win32.Build.0 = Release|Win32
		{FFBC20F9-1581-42DF-9793-42660FB79A27}.Debug|Win32.ActiveCfg = Debug|Win32
		{FFBC20F9-1581-42DF-9793-42660FB79A27}.Debug|Win32.Build.0 = Debug|Win32
		{FFBC20F9-1581-42DF-9793-42660FB79A27}.IQAPI_1_5_RELEASE|Win32.ActiveCfg = Release|Win32
		{FFBC20F9-1581-42DF-9793-42660FB79A27}.IQAPI_1_5_RELEASE|Win32.Build.0 = Release|Win32
		{FFBC20F9-1581-42DF-9793-42660FB79A27}.Release|Win32.ActiveCfg = Release|Win32
		{FFBC20F9-1581-42DF-9793-42660FB79A27}.Release|Win32.Build.0 = Release|Win32
		{04AE1AF7-5ECC-4815-80A0-73D5129A6679}.Debug|Win32.ActiveCfg = Debug|Win32
		{04AE1AF7-5ECC-4815-80A0-73D5129A6679}.Debug|Win32.Build.0 = Debug|Win32
		{04AE1AF7-5ECC-4815-80A0-73D5129A6679}.IQAPI_1_5_RELEASE|Win32.ActiveCfg = Release|Win32
		{04AE1AF7-5ECC-4815-80A0-73D5129A6679}.IQAPI_1_5_RELEASE|Win32.Build.0 = Release|Win32
		{04AE1AF7-5ECC-4815-80A0-73D5129A6679}.Release|Win32.ActiveCfg = Release|Win32
		{04AE1AF7-5ECC-4815-80A0-73D5129A6679}.Release|Win32.Build.0 = Release|Win32
		{B4D6A1C3-0264-47DC-B706-47DCFAE2C895}.Debug|Win32.ActiveCfg = Debug|Win32
		{B4D6A1C3-0264-47DC-B706-47DCFAE2C895}.Debug|Win32.Build.0 = Debug|Win32
		{B4D6A1C3-0264-47DC-B706-47DCFAE2C895}.IQAPI_1_5_RELEASE|Win32.ActiveCfg = Release|Win32
		{B4D6A1C3-0264-47DC-B706-47DCFAE2C895}.IQAPI_1_5_RELEASE|Win32.Build.0 = Release|Win32
		{B4D6A1C3-0264-47DC-B706-47DCFAE2C895}.Release|Win32.ActiveCfg = Release|Win32
		{B4D6A1C3-0264-47DC-B706-47DCFAE2C895}.Release|Win32.Build.0 = Release|Win32
		{122E56B9-A0C7-4181-97EE-3603D158ADE2}.Debug|Win32.ActiveCfg = Debug|Win32
		{122E56B9-A0C7-4181-97EE-3603D158ADE2}.Debug|Win32.Build.0 = Debug|Win32
		{122E56B9-A0C7-4181-97EE-3603D158ADE2}.IQAPI_1_5_RELEASE|Win32.ActiveCfg = IQAPI_1_5_RELEASE|Win32
		{122E56B9-A0C7-4181-97EE-3603D158ADE2}.IQAPI_1_5_RELEASE|Win32.Build.0 = IQAPI_1_5_RELEASE|Win32
		{122E56B9-A0C7-4181-97EE-3603D158ADE2}.Release|Win32.ActiveCfg = Release|Win32
		{122E56B9-A0C7-4181-97EE-3603D158ADE2}.Release|Win32.Build.0 = Release|Win32
	EndGlobalSection
	GlobalSection(SolutionProperties) = preSolution
		HideSolutionNode = FALSE
	EndGlobalSection
EndGlobal
